{
  "name": "paytmnodejsbot",
  "version": "1.0.0",
  "lockfileVersion": 2,
  "requires": true,
  "packages": {
    "": {
      "name": "paytmnodejsbot",
      "version": "1.0.0",
      "license": "ISC",
      "dependencies": {
        "axios": "^0.26.1",
        "install": "^0.13.0",
        "mongodb": "^4.17.2",
        "telegraf": "^4.15.3",
        "telegraf-ratelimit": "^2.0.0",
        "web3": "^1.9.0"
      }
    },
    "node_modules/@aws-crypto/crc32": {
      "version": "3.0.0",
      "resolved": "https://registry.npmjs.org/@aws-crypto/crc32/-/crc32-3.0.0.tgz",
      "integrity": "sha512-IzSgsrxUcsrejQbPVilIKy16kAT52EwB6zSaI+M3xxIhKh5+aldEyvI+z6erM7TCLB2BJsFrtHjp6/4/sr+3dA==",
      "optional": true,
      "dependencies": {
        "@aws-crypto/util": "^3.0.0",
        "@aws-sdk/types": "^3.222.0",
        "tslib": "^1.11.1"
      }
    },
    "node_modules/@aws-crypto/crc32/node_modules/tslib": {
      "version": "1.14.1",
      "resolved": "https://registry.npmjs.org/tslib/-/tslib-1.14.1.tgz",
      "integrity": "sha512-Xni35NKzjgMrwevysHTCArtLDpPvye8zV/0E4EyYn43P7/7qvQwPh9BGkHewbMulVntbigmcT7rdX3BNo9wRJg==",
      "optional": true
    },
    "node_modules/@aws-crypto/ie11-detection": {
      "version": "3.0.0",
      "resolved": "https://registry.npmjs.org/@aws-crypto/ie11-detection/-/ie11-detection-3.0.0.tgz",
      "integrity": "sha512-341lBBkiY1DfDNKai/wXM3aujNBkXR7tq1URPQDL9wi3AUbI80NR74uF1TXHMm7po1AcnFk8iu2S2IeU/+/A+Q==",
      "optional": true,
      "dependencies": {
        "tslib": "^1.11.1"
      }
    },
    "node_modules/@aws-crypto/ie11-detection/node_modules/tslib": {
      "version": "1.14.1",
      "resolved": "https://registry.npmjs.org/tslib/-/tslib-1.14.1.tgz",
      "integrity": "sha512-Xni35NKzjgMrwevysHTCArtLDpPvye8zV/0E4EyYn43P7/7qvQwPh9BGkHewbMulVntbigmcT7rdX3BNo9wRJg==",
      "optional": true
    },
    "node_modules/@aws-crypto/sha256-browser": {
      "version": "3.0.0",
      "resolved": "https://registry.npmjs.org/@aws-crypto/sha256-browser/-/sha256-browser-3.0.0.tgz",
      "integrity": "sha512-8VLmW2B+gjFbU5uMeqtQM6Nj0/F1bro80xQXCW6CQBWgosFWXTx77aeOF5CAIAmbOK64SdMBJdNr6J41yP5mvQ==",
      "optional": true,
      "dependencies": {
        "@aws-crypto/ie11-detection": "^3.0.0",
        "@aws-crypto/sha256-js": "^3.0.0",
        "@aws-crypto/supports-web-crypto": "^3.0.0",
        "@aws-crypto/util": "^3.0.0",
        "@aws-sdk/types": "^3.222.0",
        "@aws-sdk/util-locate-window": "^3.0.0",
        "@aws-sdk/util-utf8-browser": "^3.0.0",
        "tslib": "^1.11.1"
      }
    },
    "node_modules/@aws-crypto/sha256-browser/node_modules/tslib": {
      "version": "1.14.1",
      "resolved": "https://registry.npmjs.org/tslib/-/tslib-1.14.1.tgz",
      "integrity": "sha512-Xni35NKzjgMrwevysHTCArtLDpPvye8zV/0E4EyYn43P7/7qvQwPh9BGkHewbMulVntbigmcT7rdX3BNo9wRJg==",
      "optional": true
    },
    "node_modules/@aws-crypto/sha256-js": {
      "version": "3.0.0",
      "resolved": "https://registry.npmjs.org/@aws-crypto/sha256-js/-/sha256-js-3.0.0.tgz",
      "integrity": "sha512-PnNN7os0+yd1XvXAy23CFOmTbMaDxgxXtTKHybrJ39Y8kGzBATgBFibWJKH6BhytLI/Zyszs87xCOBNyBig6vQ==",
      "optional": true,
      "dependencies": {
        "@aws-crypto/util": "^3.0.0",
        "@aws-sdk/types": "^3.222.0",
        "tslib": "^1.11.1"
      }
    },
    "node_modules/@aws-crypto/sha256-js/node_modules/tslib": {
      "version": "1.14.1",
      "resolved": "https://registry.npmjs.org/tslib/-/tslib-1.14.1.tgz",
      "integrity": "sha512-Xni35NKzjgMrwevysHTCArtLDpPvye8zV/0E4EyYn43P7/7qvQwPh9BGkHewbMulVntbigmcT7rdX3BNo9wRJg==",
      "optional": true
    },
    "node_modules/@aws-crypto/supports-web-crypto": {
      "version": "3.0.0",
      "resolved": "https://registry.npmjs.org/@aws-crypto/supports-web-crypto/-/supports-web-crypto-3.0.0.tgz",
      "integrity": "sha512-06hBdMwUAb2WFTuGG73LSC0wfPu93xWwo5vL2et9eymgmu3Id5vFAHBbajVWiGhPO37qcsdCap/FqXvJGJWPIg==",
      "optional": true,
      "dependencies": {
        "tslib": "^1.11.1"
      }
    },
    "node_modules/@aws-crypto/supports-web-crypto/node_modules/tslib": {
      "version": "1.14.1",
      "resolved": "https://registry.npmjs.org/tslib/-/tslib-1.14.1.tgz",
      "integrity": "sha512-Xni35NKzjgMrwevysHTCArtLDpPvye8zV/0E4EyYn43P7/7qvQwPh9BGkHewbMulVntbigmcT7rdX3BNo9wRJg==",
      "optional": true
    },
    "node_modules/@aws-crypto/util": {
      "version": "3.0.0",
      "resolved": "https://registry.npmjs.org/@aws-crypto/util/-/util-3.0.0.tgz",
      "integrity": "sha512-2OJlpeJpCR48CC8r+uKVChzs9Iungj9wkZrl8Z041DWEWvyIHILYKCPNzJghKsivj+S3mLo6BVc7mBNzdxA46w==",
      "optional": true,
      "dependencies": {
        "@aws-sdk/types": "^3.222.0",
        "@aws-sdk/util-utf8-browser": "^3.0.0",
        "tslib": "^1.11.1"
      }
    },
    "node_modules/@aws-crypto/util/node_modules/tslib": {
      "version": "1.14.1",
      "resolved": "https://registry.npmjs.org/tslib/-/tslib-1.14.1.tgz",
      "integrity": "sha512-Xni35NKzjgMrwevysHTCArtLDpPvye8zV/0E4EyYn43P7/7qvQwPh9BGkHewbMulVntbigmcT7rdX3BNo9wRJg==",
      "optional": true
    },
    "node_modules/@aws-sdk/client-cognito-identity": {
      "version": "3.484.0",
      "resolved": "https://registry.npmjs.org/@aws-sdk/client-cognito-identity/-/client-cognito-identity-3.484.0.tgz",
      "integrity": "sha512-xjibqYYx8I8lYM17q3THMC8WpJihzio3+Wd6oAMdcaw+EBsgUcphsRHL5YO8wNEzNiMeXrXOPPUBapxpBmFPBA==",
      "optional": true,
      "dependencies": {
        "@aws-crypto/sha256-browser": "3.0.0",
        "@aws-crypto/sha256-js": "3.0.0",
        "@aws-sdk/client-sts": "3.484.0",
        "@aws-sdk/core": "3.481.0",
        "@aws-sdk/credential-provider-node": "3.484.0",
        "@aws-sdk/middleware-host-header": "3.468.0",
        "@aws-sdk/middleware-logger": "3.468.0",
        "@aws-sdk/middleware-recursion-detection": "3.468.0",
        "@aws-sdk/middleware-signing": "3.468.0",
        "@aws-sdk/middleware-user-agent": "3.478.0",
        "@aws-sdk/region-config-resolver": "3.484.0",
        "@aws-sdk/types": "3.468.0",
        "@aws-sdk/util-endpoints": "3.478.0",
        "@aws-sdk/util-user-agent-browser": "3.468.0",
        "@aws-sdk/util-user-agent-node": "3.470.0",
        "@smithy/config-resolver": "^2.0.22",
        "@smithy/core": "^1.2.1",
        "@smithy/fetch-http-handler": "^2.3.1",
        "@smithy/hash-node": "^2.0.17",
        "@smithy/invalid-dependency": "^2.0.15",
        "@smithy/middleware-content-length": "^2.0.17",
        "@smithy/middleware-endpoint": "^2.2.3",
        "@smithy/middleware-retry": "^2.0.25",
        "@smithy/middleware-serde": "^2.0.15",
        "@smithy/middleware-stack": "^2.0.9",
        "@smithy/node-config-provider": "^2.1.8",
        "@smithy/node-http-handler": "^2.2.1",
        "@smithy/protocol-http": "^3.0.11",
        "@smithy/smithy-client": "^2.2.0",
        "@smithy/types": "^2.7.0",
        "@smithy/url-parser": "^2.0.15",
        "@smithy/util-base64": "^2.0.1",
        "@smithy/util-body-length-browser": "^2.0.1",
        "@smithy/util-body-length-node": "^2.1.0",
        "@smithy/util-defaults-mode-browser": "^2.0.23",
        "@smithy/util-defaults-mode-node": "^2.0.31",
        "@smithy/util-endpoints": "^1.0.7",
        "@smithy/util-retry": "^2.0.8",
        "@smithy/util-utf8": "^2.0.2",
        "tslib": "^2.5.0"
      },
      "engines": {
        "node": ">=14.0.0"
      }
    },
    "node_modules/@aws-sdk/client-sso": {
      "version": "3.484.0",
      "resolved": "https://registry.npmjs.org/@aws-sdk/client-sso/-/client-sso-3.484.0.tgz",
      "integrity": "sha512-eHKXDHqgPt99977hNissa1y/efwXZ9kg3EKPLK13b6VzTC8s0+Ih+YZemNE22ahw6SYnRiGglYdkdypJ/uPHkg==",
      "optional": true,
      "dependencies": {
        "@aws-crypto/sha256-browser": "3.0.0",
        "@aws-crypto/sha256-js": "3.0.0",
        "@aws-sdk/core": "3.481.0",
        "@aws-sdk/middleware-host-header": "3.468.0",
        "@aws-sdk/middleware-logger": "3.468.0",
        "@aws-sdk/middleware-recursion-detection": "3.468.0",
        "@aws-sdk/middleware-user-agent": "3.478.0",
        "@aws-sdk/region-config-resolver": "3.484.0",
        "@aws-sdk/types": "3.468.0",
        "@aws-sdk/util-endpoints": "3.478.0",
        "@aws-sdk/util-user-agent-browser": "3.468.0",
        "@aws-sdk/util-user-agent-node": "3.470.0",
        "@smithy/config-resolver": "^2.0.22",
